# This file was autogenerated by uv via the following command:
#    uv pip compile pyproject.toml --extra dev -o dev-requirements.lock
annotated-types==0.7.0
    # via pydantic
black==25.1.0
    # via myproject (pyproject.toml)
certifi==2025.1.31
    # via requests
charset-normalizer==3.4.1
    # via requests
click==8.1.8
    # via black
idna==3.10
    # via requests
iniconfig==2.1.0
    # via pytest
isort==6.0.1
    # via myproject (pyproject.toml)
mypy-extensions==1.0.0
    # via black
packaging==24.2
    # via
    #   black
    #   pytest
pathspec==0.12.1
    # via black
platformdirs==4.3.7
    # via black
pluggy==1.5.0
    # via pytest
pydantic==2.10.6
    # via myproject (pyproject.toml)
pydantic-core==2.27.2
    # via pydantic
pytest==8.3.5
    # via myproject (pyproject.toml)
requests==2.32.3
    # via myproject (pyproject.toml)
typing-extensions==4.13.0
    # via
    #   pydantic
    #   pydantic-core
urllib3==2.3.0
    # via requests
